
Microsoft Visual Studio Solution File, Format Version 12.00
Project("{FAE04EC0-301F-11D3-BF4B-00C04F79EFBC}") = "IssueTracker.Dashboard.Host", "IssueTracker.Dashboard.Ui\Server\IssueTracker.Dashboard.Host.csproj", "{1D332A63-88E8-47D5-A03C-504BC5A93AC8}"
EndProject
Project("{FAE04EC0-301F-11D3-BF4B-00C04F79EFBC}") = "IssueTracker.Dashboard.Ui", "IssueTracker.Dashboard.Ui\Client\IssueTracker.Dashboard.Ui.csproj", "{7B9E2588-44E3-4203-9668-58BEF02693D1}"
EndProject
Project("{FAE04EC0-301F-11D3-BF4B-00C04F79EFBC}") = "IssueTracker.Dashboard.Shared", "IssueTracker.Dashboard.Ui\Shared\IssueTracker.Dashboard.Shared.csproj", "{8829D8B1-98FC-46D6-B582-D0FEF3B0C87C}"
EndProject
Project("{FAE04EC0-301F-11D3-BF4B-00C04F79EFBC}") = "IssueTracker.IssueDispatcher", "IssueTracker.IssueDispatcher\IssueTracker.IssueDispatcher.csproj", "{04309263-5D4E-43E0-8633-7D582C0FA866}"
EndProject
Project("{FAE04EC0-301F-11D3-BF4B-00C04F79EFBC}") = "IssueTracker.Shared.Contracts", "IssueTracker.Shared.Contracts\IssueTracker.Shared.Contracts.csproj", "{1B4D79E5-0B1C-4C68-B2F6-A089065268D8}"
EndProject
Project("{FAE04EC0-301F-11D3-BF4B-00C04F79EFBC}") = "IssueTracker.Shared", "IssueTracker.Shared\IssueTracker.Shared.csproj", "{C105D12F-E7B5-410A-A0F8-357ECDF5E05A}"
EndProject
Project("{FAE04EC0-301F-11D3-BF4B-00C04F79EFBC}") = "IssueTracker.IssueConsumer", "IssueTracker.IssueConsumer\IssueTracker.IssueConsumer.csproj", "{68854391-F9C8-4BAE-B055-3BBF691C3701}"
EndProject
Global
	GlobalSection(SolutionConfigurationPlatforms) = preSolution
		Debug|Any CPU = Debug|Any CPU
		Release|Any CPU = Release|Any CPU
	EndGlobalSection
	GlobalSection(ProjectConfigurationPlatforms) = postSolution
		{1D332A63-88E8-47D5-A03C-504BC5A93AC8}.Debug|Any CPU.ActiveCfg = Debug|Any CPU
		{1D332A63-88E8-47D5-A03C-504BC5A93AC8}.Debug|Any CPU.Build.0 = Debug|Any CPU
		{1D332A63-88E8-47D5-A03C-504BC5A93AC8}.Release|Any CPU.ActiveCfg = Release|Any CPU
		{1D332A63-88E8-47D5-A03C-504BC5A93AC8}.Release|Any CPU.Build.0 = Release|Any CPU
		{7B9E2588-44E3-4203-9668-58BEF02693D1}.Debug|Any CPU.ActiveCfg = Debug|Any CPU
		{7B9E2588-44E3-4203-9668-58BEF02693D1}.Debug|Any CPU.Build.0 = Debug|Any CPU
		{7B9E2588-44E3-4203-9668-58BEF02693D1}.Release|Any CPU.ActiveCfg = Release|Any CPU
		{7B9E2588-44E3-4203-9668-58BEF02693D1}.Release|Any CPU.Build.0 = Release|Any CPU
		{8829D8B1-98FC-46D6-B582-D0FEF3B0C87C}.Debug|Any CPU.ActiveCfg = Debug|Any CPU
		{8829D8B1-98FC-46D6-B582-D0FEF3B0C87C}.Debug|Any CPU.Build.0 = Debug|Any CPU
		{8829D8B1-98FC-46D6-B582-D0FEF3B0C87C}.Release|Any CPU.ActiveCfg = Release|Any CPU
		{8829D8B1-98FC-46D6-B582-D0FEF3B0C87C}.Release|Any CPU.Build.0 = Release|Any CPU
		{04309263-5D4E-43E0-8633-7D582C0FA866}.Debug|Any CPU.ActiveCfg = Debug|Any CPU
		{04309263-5D4E-43E0-8633-7D582C0FA866}.Debug|Any CPU.Build.0 = Debug|Any CPU
		{04309263-5D4E-43E0-8633-7D582C0FA866}.Release|Any CPU.ActiveCfg = Release|Any CPU
		{04309263-5D4E-43E0-8633-7D582C0FA866}.Release|Any CPU.Build.0 = Release|Any CPU
		{1B4D79E5-0B1C-4C68-B2F6-A089065268D8}.Debug|Any CPU.ActiveCfg = Debug|Any CPU
		{1B4D79E5-0B1C-4C68-B2F6-A089065268D8}.Debug|Any CPU.Build.0 = Debug|Any CPU
		{1B4D79E5-0B1C-4C68-B2F6-A089065268D8}.Release|Any CPU.ActiveCfg = Release|Any CPU
		{1B4D79E5-0B1C-4C68-B2F6-A089065268D8}.Release|Any CPU.Build.0 = Release|Any CPU
		{C105D12F-E7B5-410A-A0F8-357ECDF5E05A}.Debug|Any CPU.ActiveCfg = Debug|Any CPU
		{C105D12F-E7B5-410A-A0F8-357ECDF5E05A}.Debug|Any CPU.Build.0 = Debug|Any CPU
		{C105D12F-E7B5-410A-A0F8-357ECDF5E05A}.Release|Any CPU.ActiveCfg = Release|Any CPU
		{C105D12F-E7B5-410A-A0F8-357ECDF5E05A}.Release|Any CPU.Build.0 = Release|Any CPU
		{68854391-F9C8-4BAE-B055-3BBF691C3701}.Debug|Any CPU.ActiveCfg = Debug|Any CPU
		{68854391-F9C8-4BAE-B055-3BBF691C3701}.Debug|Any CPU.Build.0 = Debug|Any CPU
		{68854391-F9C8-4BAE-B055-3BBF691C3701}.Release|Any CPU.ActiveCfg = Release|Any CPU
		{68854391-F9C8-4BAE-B055-3BBF691C3701}.Release|Any CPU.Build.0 = Release|Any CPU
	EndGlobalSection
EndGlobal
